// !$*UTF8*$!
{
	archiveVersion = 1;
	classes = {
	};
	objectVersion = 56;
	objects = {

/* Begin PBXBuildFile section */
		80C6829D2A6B1C3E002926F8 /* utils.cpp in Sources */ = {isa = PBXBuildFile; fileRef = 80C682912A6B1C3E002926F8 /* utils.cpp */; };
		80C6829E2A6B1C3E002926F8 /* Makefile in Sources */ = {isa = PBXBuildFile; fileRef = 80C682932A6B1C3E002926F8 /* Makefile */; };
		80C682A12A6B1C3E002926F8 /* ggml.c in Sources */ = {isa = PBXBuildFile; fileRef = 80C682992A6B1C3E002926F8 /* ggml.c */; };
		80C682A32A6B1DCB002926F8 /* chat.cpp in Sources */ = {isa = PBXBuildFile; fileRef = 80C682972A6B1C3E002926F8 /* chat.cpp */; };
/* End PBXBuildFile section */

/* Begin PBXCopyFilesBuildPhase section */
		80C682842A6B1B3B002926F8 /* CopyFiles */ = {
			isa = PBXCopyFilesBuildPhase;
			buildActionMask = 2147483647;
			dstPath = /usr/share/man/man1/;
			dstSubfolderSpec = 0;
			files = (
			);
			runOnlyForDeploymentPostprocessing = 1;
		};
/* End PBXCopyFilesBuildPhase section */

/* Begin PBXFileReference section */
		80C682862A6B1B3B002926F8 /* alpaca-model */ = {isa = PBXFileReference; explicitFileType = "compiled.mach-o.executable"; includeInIndex = 0; path = "alpaca-model"; sourceTree = BUILT_PRODUCTS_DIR; };
		80C682902A6B1C3E002926F8 /* LICENSE */ = {isa = PBXFileReference; fileEncoding = 4; lastKnownFileType = text; path = LICENSE; sourceTree = "<group>"; };
		80C682912A6B1C3E002926F8 /* utils.cpp */ = {isa = PBXFileReference; fileEncoding = 4; lastKnownFileType = sourcecode.cpp.cpp; path = utils.cpp; sourceTree = "<group>"; };
		80C682922A6B1C3E002926F8 /* utils.h */ = {isa = PBXFileReference; fileEncoding = 4; lastKnownFileType = sourcecode.c.h; path = utils.h; sourceTree = "<group>"; };
		80C682932A6B1C3E002926F8 /* Makefile */ = {isa = PBXFileReference; fileEncoding = 4; lastKnownFileType = sourcecode.make; path = Makefile; sourceTree = "<group>"; };
		80C682942A6B1C3E002926F8 /* convert-pth-to-ggml.py */ = {isa = PBXFileReference; fileEncoding = 4; lastKnownFileType = text.script.python; path = "convert-pth-to-ggml.py"; sourceTree = "<group>"; };
		80C682952A6B1C3E002926F8 /* quantize.cpp */ = {isa = PBXFileReference; fileEncoding = 4; lastKnownFileType = sourcecode.cpp.cpp; path = quantize.cpp; sourceTree = "<group>"; };
		80C682962A6B1C3E002926F8 /* README.md */ = {isa = PBXFileReference; fileEncoding = 4; lastKnownFileType = net.daringfireball.markdown; path = README.md; sourceTree = "<group>"; };
		80C682972A6B1C3E002926F8 /* chat.cpp */ = {isa = PBXFileReference; fileEncoding = 4; lastKnownFileType = sourcecode.cpp.cpp; path = chat.cpp; sourceTree = "<group>"; };
		80C682982A6B1C3E002926F8 /* screencast.gif */ = {isa = PBXFileReference; lastKnownFileType = image.gif; path = screencast.gif; sourceTree = "<group>"; };
		80C682992A6B1C3E002926F8 /* ggml.c */ = {isa = PBXFileReference; fileEncoding = 4; lastKnownFileType = sourcecode.c.c; path = ggml.c; sourceTree = "<group>"; };
		80C6829A2A6B1C3E002926F8 /* ggml.h */ = {isa = PBXFileReference; fileEncoding = 4; lastKnownFileType = sourcecode.c.h; path = ggml.h; sourceTree = "<group>"; };
		80C6829B2A6B1C3E002926F8 /* CMakeLists.txt */ = {isa = PBXFileReference; fileEncoding = 4; lastKnownFileType = text; path = CMakeLists.txt; sourceTree = "<group>"; };
		80C6829C2A6B1C3E002926F8 /* quantize.sh */ = {isa = PBXFileReference; fileEncoding = 4; lastKnownFileType = text.script.sh; path = quantize.sh; sourceTree = "<group>"; };
		80C682A42A6B1EE7002926F8 /* ggml-alpaca-7b-q4.bin */ = {isa = PBXFileReference; lastKnownFileType = archive.macbinary; path = "ggml-alpaca-7b-q4.bin"; sourceTree = "<group>"; };
/* End PBXFileReference section */

/* Begin PBXFrameworksBuildPhase section */
		80C682832A6B1B3B002926F8 /* Frameworks */ = {
			isa = PBXFrameworksBuildPhase;
			buildActionMask = 2147483647;
			files = (
			);
			runOnlyForDeploymentPostprocessing = 0;
		};
/* End PBXFrameworksBuildPhase section */

/* Begin PBXGroup section */
		80C6827D2A6B1B3B002926F8 = {
			isa = PBXGroup;
			children = (
				80C682882A6B1B3B002926F8 /* alpaca-model */,
				80C682872A6B1B3B002926F8 /* Products */,
			);
			sourceTree = "<group>";
		};
		80C682872A6B1B3B002926F8 /* Products */ = {
			isa = PBXGroup;
			children = (
				80C682862A6B1B3B002926F8 /* alpaca-model */,
			);
			name = Products;
			sourceTree = "<group>";
		};
		80C682882A6B1B3B002926F8 /* alpaca-model */ = {
			isa = PBXGroup;
			children = (
				80C682972A6B1C3E002926F8 /* chat.cpp */,
				80C682A42A6B1EE7002926F8 /* ggml-alpaca-7b-q4.bin */,
				80C6829B2A6B1C3E002926F8 /* CMakeLists.txt */,
				80C682942A6B1C3E002926F8 /* convert-pth-to-ggml.py */,
				80C682992A6B1C3E002926F8 /* ggml.c */,
				80C6829A2A6B1C3E002926F8 /* ggml.h */,
				80C682902A6B1C3E002926F8 /* LICENSE */,
				80C682932A6B1C3E002926F8 /* Makefile */,
				80C682952A6B1C3E002926F8 /* quantize.cpp */,
				80C6829C2A6B1C3E002926F8 /* quantize.sh */,
				80C682962A6B1C3E002926F8 /* README.md */,
				80C682982A6B1C3E002926F8 /* screencast.gif */,
				80C682912A6B1C3E002926F8 /* utils.cpp */,
				80C682922A6B1C3E002926F8 /* utils.h */,
			);
			path = "alpaca-model";
			sourceTree = "<group>";
		};
/* End PBXGroup section */

/* Begin PBXNativeTarget section */
		80C682852A6B1B3B002926F8 /* alpaca-model */ = {
			isa = PBXNativeTarget;
			buildConfigurationList = 80C6828D2A6B1B3B002926F8 /* Build configuration list for PBXNativeTarget "alpaca-model" */;
			buildPhases = (
				80C682822A6B1B3B002926F8 /* Sources */,
				80C682832A6B1B3B002926F8 /* Frameworks */,
				80C682842A6B1B3B002926F8 /* CopyFiles */,
			);
			buildRules = (
			);
			dependencies = (
			);
			name = "alpaca-model";
			productName = "alpaca-model";
			productReference = 80C682862A6B1B3B002926F8 /* alpaca-model */;
			productType = "com.apple.product-type.tool";
		};
/* End PBXNativeTarget section */

/* Begin PBXProject section */
		80C6827E2A6B1B3B002926F8 /* Project object */ = {
			isa = PBXProject;
			attributes = {
				BuildIndependentTargetsInParallel = 1;
				LastUpgradeCheck = 1430;
				TargetAttributes = {
					80C682852A6B1B3B002926F8 = {
						CreatedOnToolsVersion = 14.3.1;
					};
				};
			};
			buildConfigurationList = 80C682812A6B1B3B002926F8 /* Build configuration list for PBXProject "alpaca-model" */;
			compatibilityVersion = "Xcode 14.0";
			developmentRegion = en;
			hasScannedForEncodings = 0;
			knownRegions = (
				en,
				Base,
			);
			mainGroup = 80C6827D2A6B1B3B002926F8;
			productRefGroup = 80C682872A6B1B3B002926F8 /* Products */;
			projectDirPath = "";
			projectRoot = "";
			targets = (
				80C682852A6B1B3B002926F8 /* alpaca-model */,
			);
		};
/* End PBXProject section */

/* Begin PBXSourcesBuildPhase section */
		80C682822A6B1B3B002926F8 /* Sources */ = {
			isa = PBXSourcesBuildPhase;
			buildActionMask = 2147483647;
			files = (
				80C6829E2A6B1C3E002926F8 /* Makefile in Sources */,
				80C682A32A6B1DCB002926F8 /* chat.cpp in Sources */,
				80C682A12A6B1C3E002926F8 /* ggml.c in Sources */,
				80C6829D2A6B1C3E002926F8 /* utils.cpp in Sources */,
			);
			runOnlyForDeploymentPostprocessing = 0;
		};
/* End PBXSourcesBuildPhase section */

/* Begin XCBuildConfiguration section */
		80C6828B2A6B1B3B002926F8 /* Debug */ = {
			isa = XCBuildConfiguration;
			buildSettings = {
				ALWAYS_SEARCH_USER_PATHS = NO;
				CLANG_ANALYZER_NONNULL = YES;
				CLANG_ANALYZER_NUMBER_OBJECT_CONVERSION = YES_AGGRESSIVE;
				CLANG_CXX_LANGUAGE_STANDARD = "gnu++20";
				CLANG_ENABLE_MODULES = YES;
				CLANG_ENABLE_OBJC_ARC = YES;
				CLANG_ENABLE_OBJC_WEAK = YES;
				CLANG_WARN_BLOCK_CAPTURE_AUTORELEASING = YES;
				CLANG_WARN_BOOL_CONVERSION = YES;
				CLANG_WARN_COMMA = YES;
				CLANG_WARN_CONSTANT_CONVERSION = YES;
				CLANG_WARN_DEPRECATED_OBJC_IMPLEMENTATIONS = YES;
				CLANG_WARN_DIRECT_OBJC_ISA_USAGE = YES_ERROR;
				CLANG_WARN_DOCUMENTATION_COMMENTS = YES;
				CLANG_WARN_EMPTY_BODY = YES;
				CLANG_WARN_ENUM_CONVERSION = YES;
				CLANG_WARN_INFINITE_RECURSION = YES;
				CLANG_WARN_INT_CONVERSION = YES;
				CLANG_WARN_NON_LITERAL_NULL_CONVERSION = YES;
				CLANG_WARN_OBJC_IMPLICIT_RETAIN_SELF = YES;
				CLANG_WARN_OBJC_LITERAL_CONVERSION = YES;
				CLANG_WARN_OBJC_ROOT_CLASS = YES_ERROR;
				CLANG_WARN_QUOTED_INCLUDE_IN_FRAMEWORK_HEADER = YES;
				CLANG_WARN_RANGE_LOOP_ANALYSIS = YES;
				CLANG_WARN_STRICT_PROTOTYPES = YES;
				CLANG_WARN_SUSPICIOUS_MOVE = YES;
				CLANG_WARN_UNGUARDED_AVAILABILITY = YES_AGGRESSIVE;
				CLANG_WARN_UNREACHABLE_CODE = YES;
				CLANG_WARN__DUPLICATE_METHOD_MATCH = YES;
				COPY_PHASE_STRIP = NO;
				DEBUG_INFORMATION_FORMAT = dwarf;
				ENABLE_STRICT_OBJC_MSGSEND = YES;
				ENABLE_TESTABILITY = YES;
				GCC_C_LANGUAGE_STANDARD = gnu11;
				GCC_DYNAMIC_NO_PIC = NO;
				GCC_NO_COMMON_BLOCKS = YES;
				GCC_OPTIMIZATION_LEVEL = 0;
				GCC_PREPROCESSOR_DEFINITIONS = (
					"DEBUG=1",
					"$(inherited)",
				);
				GCC_WARN_64_TO_32_BIT_CONVERSION = YES;
				GCC_WARN_ABOUT_RETURN_TYPE = YES_ERROR;
				GCC_WARN_UNDECLARED_SELECTOR = YES;
				GCC_WARN_UNINITIALIZED_AUTOS = YES_AGGRESSIVE;
				GCC_WARN_UNUSED_FUNCTION = YES;
				GCC_WARN_UNUSED_VARIABLE = YES;
				MACOSX_DEPLOYMENT_TARGET = 13.3;
				MTL_ENABLE_DEBUG_INFO = INCLUDE_SOURCE;
				MTL_FAST_MATH = YES;
				ONLY_ACTIVE_ARCH = YES;
				SDKROOT = macosx;
			};
			name = Debug;
		};
		80C6828C2A6B1B3B002926F8 /* Release */ = {
			isa = XCBuildConfiguration;
			buildSettings = {
				ALWAYS_SEARCH_USER_PATHS = NO;
				CLANG_ANALYZER_NONNULL = YES;
				CLANG_ANALYZER_NUMBER_OBJECT_CONVERSION = YES_AGGRESSIVE;
				CLANG_CXX_LANGUAGE_STANDARD = "gnu++20";
				CLANG_ENABLE_MODULES = YES;
				CLANG_ENABLE_OBJC_ARC = YES;
				CLANG_ENABLE_OBJC_WEAK = YES;
				CLANG_WARN_BLOCK_CAPTURE_AUTORELEASING = YES;
				CLANG_WARN_BOOL_CONVERSION = YES;
				CLANG_WARN_COMMA = YES;
				CLANG_WARN_CONSTANT_CONVERSION = YES;
				CLANG_WARN_DEPRECATED_OBJC_IMPLEMENTATIONS = YES;
				CLANG_WARN_DIRECT_OBJC_ISA_USAGE = YES_ERROR;
				CLANG_WARN_DOCUMENTATION_COMMENTS = YES;
				CLANG_WARN_EMPTY_BODY = YES;
				CLANG_WARN_ENUM_CONVERSION = YES;
				CLANG_WARN_INFINITE_RECURSION = YES;
				CLANG_WARN_INT_CONVERSION = YES;
				CLANG_WARN_NON_LITERAL_NULL_CONVERSION = YES;
				CLANG_WARN_OBJC_IMPLICIT_RETAIN_SELF = YES;
				CLANG_WARN_OBJC_LITERAL_CONVERSION = YES;
				CLANG_WARN_OBJC_ROOT_CLASS = YES_ERROR;
				CLANG_WARN_QUOTED_INCLUDE_IN_FRAMEWORK_HEADER = YES;
				CLANG_WARN_RANGE_LOOP_ANALYSIS = YES;
				CLANG_WARN_STRICT_PROTOTYPES = YES;
				CLANG_WARN_SUSPICIOUS_MOVE = YES;
				CLANG_WARN_UNGUARDED_AVAILABILITY = YES_AGGRESSIVE;
				CLANG_WARN_UNREACHABLE_CODE = YES;
				CLANG_WARN__DUPLICATE_METHOD_MATCH = YES;
				COPY_PHASE_STRIP = NO;
				DEBUG_INFORMATION_FORMAT = "dwarf-with-dsym";
				ENABLE_NS_ASSERTIONS = NO;
				ENABLE_STRICT_OBJC_MSGSEND = YES;
				GCC_C_LANGUAGE_STANDARD = gnu11;
				GCC_NO_COMMON_BLOCKS = YES;
				GCC_WARN_64_TO_32_BIT_CONVERSION = YES;
				GCC_WARN_ABOUT_RETURN_TYPE = YES_ERROR;
				GCC_WARN_UNDECLARED_SELECTOR = YES;
				GCC_WARN_UNINITIALIZED_AUTOS = YES_AGGRESSIVE;
				GCC_WARN_UNUSED_FUNCTION = YES;
				GCC_WARN_UNUSED_VARIABLE = YES;
				MACOSX_DEPLOYMENT_TARGET = 13.3;
				MTL_ENABLE_DEBUG_INFO = NO;
				MTL_FAST_MATH = YES;
				SDKROOT = macosx;
			};
			name = Release;
		};
		80C6828E2A6B1B3B002926F8 /* Debug */ = {
			isa = XCBuildConfiguration;
			buildSettings = {
				CODE_SIGN_STYLE = Automatic;
				DEVELOPMENT_TEAM = PVXU599K2W;
				ENABLE_HARDENED_RUNTIME = YES;
				PRODUCT_NAME = "$(TARGET_NAME)";
			};
			name = Debug;
		};
		80C6828F2A6B1B3B002926F8 /* Release */ = {
			isa = XCBuildConfiguration;
			buildSettings = {
				CODE_SIGN_STYLE = Automatic;
				DEVELOPMENT_TEAM = PVXU599K2W;
				ENABLE_HARDENED_RUNTIME = YES;
				PRODUCT_NAME = "$(TARGET_NAME)";
			};
			name = Release;
		};
/* End XCBuildConfiguration section */

/* Begin XCConfigurationList section */
		80C682812A6B1B3B002926F8 /* Build configuration list for PBXProject "alpaca-model" */ = {
			isa = XCConfigurationList;
			buildConfigurations = (
				80C6828B2A6B1B3B002926F8 /* Debug */,
				80C6828C2A6B1B3B002926F8 /* Release */,
			);
			defaultConfigurationIsVisible = 0;
			defaultConfigurationName = Release;
		};
		80C6828D2A6B1B3B002926F8 /* Build configuration list for PBXNativeTarget "alpaca-model" */ = {
			isa = XCConfigurationList;
			buildConfigurations = (
				80C6828E2A6B1B3B002926F8 /* Debug */,
				80C6828F2A6B1B3B002926F8 /* Release */,
			);
			defaultConfigurationIsVisible = 0;
			defaultConfigurationName = Release;
		};
/* End XCConfigurationList section */
	};
	rootObject = 80C6827E2A6B1B3B002926F8 /* Project object */;
}
